tag: "ledger.block"
version: 1
unit: ledger
base: block
include_prefix: "mp"
c_struct: "McPkgBlock"
out_base: "ledger_block"

fields: [
  {key: 2, name: height,   type: u64,       required: true },
  {key: 3, name: prev,     type: "bin[32]", required: true },
  {key: 4, name: sth,      type: "struct",  ctype: "McPkgSTH", ref_include: "mp/mcpkg_mp_ledger_sth.h", required: true },
  {key: 5, name: mint_pub, type: "bin[32]", required: true },
  {key: 6, name: sig,      type: "bin[64]", required: true }
]
